<?xml version="1.0" encoding="UTF-8" standalone="yes" ?>
<CodeBlocks_project_file>
	<FileVersion major="1" minor="6" />
	<Project>
		<Option title="BSChords" />
		<Option pch_mode="2" />
		<Option compiler="gcc" />
		<Option show_notes="0">
			<notes>
				<![CDATA[Application for typesetting songs and songbooks]]>
			</notes>
		</Option>
		<Build>
			<Target title="debug_win">
				<Option output="bin/debug/bschords" prefix_auto="1" extension_auto="1" />
				<Option object_output="obj/debug/" />
				<Option type="0" />
				<Option compiler="gcc" />
				<Option projectLinkerOptionsRelation="2" />
				<Compiler>
					<Add option="-Wall" />
					<Add option="-g" />
					<Add option="-pipe" />
					<Add option="-mthreads" />
					<Add option="-D__WXMSW__" />
					<Add option="-D_UNICODE" />
					<Add option="-DHAVE_W32API_H" />
					<Add option="-DNOPCH" />
					<Add directory="$(#wx)/lib/gcc_dll/mswud" />
				</Compiler>
				<ResourceCompiler>
					<Add directory="$(#wx)/lib/gcc_dll/mswud" />
				</ResourceCompiler>
				<Linker>
					<Add option="-mthreads" />
					<Add library="libwxmsw30ud_aui" />
					<Add library="libwxmsw30ud_stc" />
					<Add library="libwxmsw30ud_adv" />
					<Add library="libwxmsw30ud_richtext" />
					<Add library="libwxmsw30ud_xrc" />
					<Add library="libwxbase30ud_xml" />
					<Add library="libwxmsw30ud_core" />
					<Add library="libwxbase30ud" />
					<Add library="libwxexpatd" />
					<Add library="libwxscintillad" />
					<Add library="libwxpngd" />
					<Add library="libwxzlibd" />
					<Add library="libwxjpegd" />
					<Add library="libwxtiffd" />
					<Add library="kernel32" />
					<Add library="user32" />
					<Add library="gdi32" />
					<Add library="comdlg32" />
					<Add library="winspool" />
					<Add library="winmm" />
					<Add library="shell32" />
					<Add library="comctl32" />
					<Add library="ole32" />
					<Add library="oleaut32" />
					<Add library="uuid" />
					<Add library="rpcrt4" />
					<Add library="advapi32" />
					<Add library="wsock32" />
					<Add library="odbc32" />
					<Add directory="$(#wx)/lib/gcc_dll" />
				</Linker>
			</Target>
			<Target title="release_win">
				<Option output="bin/release/bschords" prefix_auto="1" extension_auto="1" />
				<Option object_output="obj/release/" />
				<Option type="0" />
				<Option compiler="gcc" />
				<Option projectLinkerOptionsRelation="2" />
				<Compiler>
					<Add option="-O2" />
					<Add option="-pipe" />
					<Add option="-mthreads" />
					<Add option="-D__WXMSW__" />
					<Add option="-D_UNICODE" />
					<Add option="-DHAVE_W32API_H" />
					<Add option="-DNDEBUG" />
					<Add option="-DNOPCH" />
					<Add directory="$(#wx)/lib/gcc_lib/mswu" />
				</Compiler>
				<ResourceCompiler>
					<Add directory="$(#wx)/lib/gcc_lib/mswud" />
				</ResourceCompiler>
				<Linker>
					<Add option="-s" />
					<Add option="-mthreads" />
					<Add option="-Wl,--subsystem,windows -mwindows" />
					<Add option="-static-libgcc" />
					<Add library="libwxmsw30u_aui" />
					<Add library="libwxmsw30u_stc" />
					<Add library="libwxmsw30u_adv" />
					<Add library="libwxmsw30u_richtext" />
					<Add library="libwxmsw30u_xrc" />
					<Add library="libwxbase30u_xml" />
					<Add library="libwxmsw30u_core" />
					<Add library="libwxbase30u" />
					<Add library="libwxexpat" />
					<Add library="libwxscintilla" />
					<Add library="libwxpng" />
					<Add library="libwxzlib" />
					<Add library="libwxjpeg" />
					<Add library="libwxtiff" />
					<Add library="kernel32" />
					<Add library="user32" />
					<Add library="gdi32" />
					<Add library="comdlg32" />
					<Add library="winspool" />
					<Add library="winmm" />
					<Add library="shell32" />
					<Add library="comctl32" />
					<Add library="ole32" />
					<Add library="oleaut32" />
					<Add library="uuid" />
					<Add library="rpcrt4" />
					<Add library="advapi32" />
					<Add library="wsock32" />
					<Add library="odbc32" />
					<Add directory="$(#wx)/lib/gcc_lib" />
				</Linker>
			</Target>
			<Target title="debug_linux">
				<Option output="bin/debug/bschords" prefix_auto="1" extension_auto="1" />
				<Option object_output="obj/debug/" />
				<Option type="0" />
				<Option compiler="gcc" />
				<Compiler>
					<Add option="-g" />
					<Add option="`wx-config --version=3.0 --cxxflags`" />
				</Compiler>
				<Linker>
					<Add option="`wx-config --version=3.0  --libs std,aui,stc`" />
				</Linker>
			</Target>
			<Target title="release_linux">
				<Option output="bin/release/bschords" prefix_auto="1" extension_auto="1" />
				<Option object_output="obj/release/" />
				<Option type="0" />
				<Option compiler="gcc" />
				<Compiler>
					<Add option="`wx-config --version=3.0 --cxxflags`" />
				</Compiler>
				<Linker>
					<Add option="`wx-config --version=3.0  --libs std,aui,stc`" />
				</Linker>
			</Target>
			<Target title="cli_debug_linux">
				<Option output="bin/debug/bschordscli" prefix_auto="1" extension_auto="1" />
				<Option object_output="obj/clidebug/" />
				<Option type="1" />
				<Option compiler="gcc" />
				<Compiler>
					<Add option="-g" />
					<Add option="`wx-config --cxxflags`" />
					<Add option="-DBSCHORDPRO_TEST" />
				</Compiler>
				<Linker>
					<Add option="`wx-config --libs`" />
				</Linker>
			</Target>
			<Target title="cli_debug_win">
				<Option output="bin/debug/bschordscli" prefix_auto="1" extension_auto="1" />
				<Option object_output="obj/clidebug/" />
				<Option type="1" />
				<Option compiler="gcc" />
				<Compiler>
					<Add option="-g" />
					<Add option="-DBSCHORDPRO_TEST" />
					<Add option="-D_TEST" />
				</Compiler>
			</Target>
		</Build>
		<Compiler>
			<Add option="-Wall" />
			<Add directory="$(#wx)/include" />
			<Add directory="$(#wx)/contrib/include" />
		</Compiler>
		<Unit filename="src/app.cpp">
			<Option target="debug_win" />
			<Option target="release_win" />
			<Option target="debug_linux" />
			<Option target="release_linux" />
		</Unit>
		<Unit filename="src/app.h">
			<Option target="debug_win" />
			<Option target="release_win" />
			<Option target="debug_linux" />
			<Option target="release_linux" />
		</Unit>
		<Unit filename="src/bschordpro.cpp" />
		<Unit filename="src/bschordpro.h" />
		<Unit filename="src/bschords.rc">
			<Option compilerVar="WINDRES" />
			<Option target="debug_win" />
			<Option target="release_win" />
			<Option target="debug_linux" />
			<Option target="release_linux" />
		</Unit>
		<Unit filename="src/dcpainter.cpp">
			<Option target="debug_win" />
			<Option target="release_win" />
			<Option target="debug_linux" />
			<Option target="release_linux" />
		</Unit>
		<Unit filename="src/dcpainter.h">
			<Option target="debug_win" />
			<Option target="release_win" />
			<Option target="debug_linux" />
			<Option target="release_linux" />
		</Unit>
		<Unit filename="src/mainwnd.cpp">
			<Option target="debug_win" />
			<Option target="release_win" />
			<Option target="debug_linux" />
			<Option target="release_linux" />
		</Unit>
		<Unit filename="src/mainwnd.h">
			<Option target="debug_win" />
			<Option target="release_win" />
			<Option target="debug_linux" />
			<Option target="release_linux" />
		</Unit>
		<Unit filename="src/preferencesdlg.cpp">
			<Option target="debug_win" />
			<Option target="release_win" />
			<Option target="debug_linux" />
			<Option target="release_linux" />
		</Unit>
		<Unit filename="src/preferencesdlg.h">
			<Option target="debug_win" />
			<Option target="release_win" />
			<Option target="debug_linux" />
			<Option target="release_linux" />
		</Unit>
		<Unit filename="src/previewwnd.cpp">
			<Option target="debug_win" />
			<Option target="release_win" />
			<Option target="debug_linux" />
			<Option target="release_linux" />
		</Unit>
		<Unit filename="src/previewwnd.h">
			<Option target="debug_win" />
			<Option target="release_win" />
			<Option target="debug_linux" />
			<Option target="release_linux" />
		</Unit>
		<Unit filename="src/songbook.cpp">
			<Option target="debug_win" />
			<Option target="release_win" />
			<Option target="debug_linux" />
			<Option target="release_linux" />
			<Option target="cli_debug_linux" />
		</Unit>
		<Unit filename="src/songbook.h">
			<Option target="debug_win" />
			<Option target="release_win" />
			<Option target="debug_linux" />
			<Option target="release_linux" />
			<Option target="cli_debug_linux" />
		</Unit>
		<Unit filename="src/songbookdlg.cpp">
			<Option target="debug_win" />
			<Option target="release_win" />
			<Option target="debug_linux" />
			<Option target="release_linux" />
		</Unit>
		<Unit filename="src/songbookdlg.h">
			<Option target="debug_win" />
			<Option target="release_win" />
			<Option target="debug_linux" />
			<Option target="release_linux" />
		</Unit>
		<Unit filename="src/songbookwnd.cpp">
			<Option target="debug_win" />
			<Option target="release_win" />
			<Option target="debug_linux" />
			<Option target="release_linux" />
		</Unit>
		<Unit filename="src/songbookwnd.h">
			<Option target="debug_win" />
			<Option target="release_win" />
			<Option target="debug_linux" />
			<Option target="release_linux" />
		</Unit>
		<Unit filename="src/songdlg.cpp">
			<Option target="debug_win" />
			<Option target="release_win" />
			<Option target="debug_linux" />
			<Option target="release_linux" />
		</Unit>
		<Unit filename="src/songdlg.h">
			<Option target="debug_win" />
			<Option target="release_win" />
			<Option target="debug_linux" />
			<Option target="release_linux" />
		</Unit>
		<Unit filename="src/songstylesheet.cpp">
			<Option target="debug_win" />
			<Option target="release_win" />
			<Option target="debug_linux" />
			<Option target="release_linux" />
		</Unit>
		<Unit filename="src/songstylesheet.h">
			<Option target="debug_win" />
			<Option target="release_win" />
			<Option target="debug_linux" />
			<Option target="release_linux" />
		</Unit>
		<Unit filename="src/songstylesheetdlg.cpp">
			<Option target="debug_win" />
			<Option target="release_win" />
			<Option target="debug_linux" />
			<Option target="release_linux" />
		</Unit>
		<Unit filename="src/songstylesheetdlg.h">
			<Option target="debug_win" />
			<Option target="release_win" />
			<Option target="debug_linux" />
			<Option target="release_linux" />
		</Unit>
		<Unit filename="src/version.h" />
		<Extensions>
			<code_completion />
			<debugger />
			<envvars />
			<DoxyBlocks>
				<comment_style block="0" line="0" />
				<doxyfile_project />
				<doxyfile_build extract_all="1" extract_private="1" extract_static="1" />
				<doxyfile_warnings />
				<doxyfile_output />
				<doxyfile_dot class_diagrams="1" />
				<general />
			</DoxyBlocks>
		</Extensions>
	</Project>
</CodeBlocks_project_file>
