<?xml version="1.0" encoding="UTF-8" standalone="yes" ?>
<CodeBlocks_project_file>
	<FileVersion major="1" minor="6" />
	<Project>
		<Option title="bschords" />
		<Option pch_mode="2" />
		<Option compiler="gcc" />
		<Build>
			<Target title="debug_win">
				<Option output="bin/debug/bschords" prefix_auto="1" extension_auto="1" />
				<Option object_output="obj/debug/" />
				<Option type="1" />
				<Option compiler="gcc" />
				<Option projectLinkerOptionsRelation="2" />
				<Compiler>
					<Add option="-Wall" />
					<Add option="-g" />
					<Add option="-pipe" />
					<Add option="-mthreads" />
					<Add option='[[if (PLATFORM == PLATFORM_MSW &amp;&amp; (GetCompilerFactory().GetCompilerVersionString(_T(&quot;gcc&quot;)) &gt;= _T(&quot;4.0.0&quot;))) print(_T(&quot;-Wno-attributes&quot;));]]' />
					<Add option="-D__WXDEBUG__" />
					<Add option="-DWXUSINGDLL" />
					<Add option="-D__GNUWIN32__" />
					<Add option="-D__WXMSW__" />
					<Add option="-DwxUSE_UNICODE" />
					<Add option="-DHAVE_W32API_H" />
					<Add directory="$(#wx)/lib/gcc_dll_unicode_debug/mswud" />
				</Compiler>
				<ResourceCompiler>
					<Add directory="D:/wxwidgets/lib/gcc_lib/mswud" />
				</ResourceCompiler>
				<Linker>
					<Add option="-mthreads" />
					<Add library="libwxmsw28ud.a" />
					<Add library="libwxpngd.a" />
					<Add library="libwxjpegd.a" />
					<Add library="libwxtiffd.a" />
					<Add library="libwxzlibd.a" />
					<Add library="libkernel32.a" />
					<Add library="libuser32.a" />
					<Add library="libgdi32.a" />
					<Add library="libwinspool.a" />
					<Add library="libcomdlg32.a" />
					<Add library="libadvapi32.a" />
					<Add library="libshell32.a" />
					<Add library="libole32.a" />
					<Add library="liboleaut32.a" />
					<Add library="libuuid.a" />
					<Add library="libcomctl32.a" />
					<Add library="libwsock32.a" />
					<Add library="libodbc32.a" />
					<Add directory="$(#wx)/lib/gcc_dll_unicode_debug" />
				</Linker>
			</Target>
			<Target title="release_win">
				<Option output="bin/release/bschords" prefix_auto="1" extension_auto="1" />
				<Option object_output="obj/release/" />
				<Option type="0" />
				<Option compiler="gcc" />
				<Option projectLinkerOptionsRelation="2" />
				<Compiler>
					<Add option="-O2" />
					<Add option="-pipe" />
					<Add option="-mthreads" />
					<Add option='[[if (PLATFORM == PLATFORM_MSW &amp;&amp; (GetCompilerFactory().GetCompilerVersionString(_T(&quot;gcc&quot;)) &gt;= _T(&quot;4.0.0&quot;))) print(_T(&quot;-Wno-attributes&quot;));]]' />
					<Add option="-D__GNUWIN32__" />
					<Add option="-D__WXMSW__" />
					<Add option="-DwxUSE_UNICODE" />
					<Add option="-DHAVE_W32API_H" />
					<Add option="-DNDEBUG" />
					<Add option="-DNOPCH" />
					<Add directory="$(#wx)/lib/gcc_lib/mswu" />
				</Compiler>
				<ResourceCompiler>
					<Add directory="D:/wxwidgets/lib/gcc_lib/mswu" />
				</ResourceCompiler>
				<Linker>
					<Add option="-s" />
					<Add option="-mthreads" />
					<Add option="-Wl,--subsystem,windows -mwindows" />
					<Add option="-static-libgcc" />
					<Add library="wxmsw28u_richtext" />
					<Add library="wxmsw28u_adv" />
					<Add library="wxmsw28u_html" />
					<Add library="wxmsw28u_core" />
					<Add library="wxbase28u" />
					<Add library="wxtiff" />
					<Add library="wxjpeg" />
					<Add library="wxpng" />
					<Add library="wxzlib" />
					<Add library="wxregexu" />
					<Add library="wxexpat" />
					<Add library="kernel32" />
					<Add library="user32" />
					<Add library="gdi32" />
					<Add library="comdlg32" />
					<Add library="winspool" />
					<Add library="winmm" />
					<Add library="shell32" />
					<Add library="comctl32" />
					<Add library="ole32" />
					<Add library="oleaut32" />
					<Add library="uuid" />
					<Add library="rpcrt4" />
					<Add library="advapi32" />
					<Add library="wsock32" />
					<Add library="odbc32" />
					<Add directory="D:/wxwidgets/lib/gcc_lib" />
				</Linker>
			</Target>
			<Target title="debug_linux">
				<Option output="bin/debug/bschords" prefix_auto="1" extension_auto="1" />
				<Option object_output="obj/debug/" />
				<Option type="1" />
				<Option compiler="gcc" />
				<Compiler>
					<Add option="-g" />
					<Add option="`wx-config --cxxflags`" />
				</Compiler>
				<Linker>
					<Add option="`wx-config --libs`" />
					<Add library="wx_gtk2u_stc-2.8" />
					<Add library="fontconfig" />
				</Linker>
			</Target>
			<Target title="release_linux">
				<Option output="bin/release/bschords" prefix_auto="1" extension_auto="1" />
				<Option object_output="obj/release/" />
				<Option type="0" />
				<Option compiler="gcc" />
				<Compiler>
					<Add option="`wx-config --cxxflags`" />
				</Compiler>
				<Linker>
					<Add option="`wx-config --libs`" />
				</Linker>
			</Target>
			<Target title="cli_debug_linux">
				<Option output="bin/debug/bschordscli" prefix_auto="1" extension_auto="1" />
				<Option object_output="obj/clidebug/" />
				<Option type="1" />
				<Option compiler="gcc" />
				<Compiler>
					<Add option="-g" />
					<Add option="`wx-config --cxxflags`" />
					<Add option="-DBSCHORDPRO_TEST" />
				</Compiler>
				<Linker>
					<Add option="`wx-config --libs`" />
				</Linker>
			</Target>
			<Target title="cli_debug_win">
				<Option output="bin/debug/bschordscli" prefix_auto="1" extension_auto="1" />
				<Option object_output="obj/clidebug/" />
				<Option type="1" />
				<Option compiler="gcc" />
				<Compiler>
					<Add option="-DBSCHORDPRO_TEST" />
				</Compiler>
			</Target>
		</Build>
		<Compiler>
			<Add option="-Wall" />
			<Add directory="D:/wxwidgets/include" />
			<Add directory="D:/wxwidgets/contrib/include" />
		</Compiler>
		<ResourceCompiler>
			<Add directory="D:/wxwidgets/include" />
		</ResourceCompiler>
		<Unit filename="src/bschordpro.cpp" />
		<Unit filename="src/bschordpro.h" />
		<Unit filename="src/bschordsApp.cpp">
			<Option target="debug_win" />
			<Option target="release_win" />
			<Option target="debug_linux" />
			<Option target="release_linux" />
		</Unit>
		<Unit filename="src/bschordsApp.h">
			<Option target="debug_win" />
			<Option target="release_win" />
			<Option target="debug_linux" />
			<Option target="release_linux" />
		</Unit>
		<Unit filename="src/bschordsMain.cpp">
			<Option target="debug_win" />
			<Option target="release_win" />
			<Option target="debug_linux" />
			<Option target="release_linux" />
		</Unit>
		<Unit filename="src/bschordsMain.h">
			<Option target="debug_win" />
			<Option target="release_win" />
			<Option target="debug_linux" />
			<Option target="release_linux" />
		</Unit>
		<Unit filename="src/bschordsPreferences.cpp">
			<Option target="debug_win" />
			<Option target="release_win" />
			<Option target="debug_linux" />
			<Option target="release_linux" />
		</Unit>
		<Unit filename="src/bschordsPreferences.h">
			<Option target="debug_win" />
			<Option target="release_win" />
			<Option target="debug_linux" />
			<Option target="release_linux" />
		</Unit>
		<Unit filename="src/bschordsPreview.cpp">
			<Option target="debug_win" />
			<Option target="release_win" />
			<Option target="debug_linux" />
			<Option target="release_linux" />
		</Unit>
		<Unit filename="src/bschordsPreview.h">
			<Option target="debug_win" />
			<Option target="release_win" />
			<Option target="debug_linux" />
			<Option target="release_linux" />
		</Unit>
		<Unit filename="src/bschordsdcpainter.cpp">
			<Option target="debug_win" />
			<Option target="release_win" />
			<Option target="debug_linux" />
			<Option target="release_linux" />
		</Unit>
		<Unit filename="src/bschordsdcpainter.h">
			<Option target="debug_win" />
			<Option target="release_win" />
			<Option target="debug_linux" />
			<Option target="release_linux" />
		</Unit>
		<Unit filename="src/songbook.cpp" />
		<Unit filename="src/songbook.h" />
		<Unit filename="src/songbookwnd.cpp">
			<Option target="debug_win" />
			<Option target="release_win" />
			<Option target="debug_linux" />
			<Option target="release_linux" />
		</Unit>
		<Unit filename="src/songbookwnd.h">
			<Option target="debug_win" />
			<Option target="release_win" />
			<Option target="debug_linux" />
			<Option target="release_linux" />
		</Unit>
		<Unit filename="src/songstylesheet.cpp">
			<Option target="debug_win" />
			<Option target="release_win" />
			<Option target="debug_linux" />
			<Option target="release_linux" />
		</Unit>
		<Unit filename="src/songstylesheet.h">
			<Option target="debug_win" />
			<Option target="release_win" />
			<Option target="debug_linux" />
			<Option target="release_linux" />
		</Unit>
		<Unit filename="src/songstylesheetdlg.cpp">
			<Option target="debug_win" />
			<Option target="release_win" />
			<Option target="debug_linux" />
			<Option target="release_linux" />
		</Unit>
		<Unit filename="src/songstylesheetdlg.h">
			<Option target="debug_win" />
			<Option target="release_win" />
			<Option target="debug_linux" />
			<Option target="release_linux" />
		</Unit>
		<Extensions>
			<code_completion />
			<debugger />
			<wxsmith version="1">
				<resources>
					<wxDialog wxs="wxsmith/x.wxs" src="x.cpp" hdr="x.h" name="x" language="CPP" />
					<wxDialog wxs="wxsmith/NewDialog.wxs" src="NewDialog.cpp" hdr="NewDialog.h" name="NewDialog" language="CPP" />
				</resources>
			</wxsmith>
			<envvars />
		</Extensions>
	</Project>
</CodeBlocks_project_file>
